
Microsoft Visual Studio Solution File, Format Version 12.00
# Visual Studio 15
VisualStudioVersion = 15.0.28010.2046
MinimumVisualStudioVersion = 10.0.40219.1
Project("{888888A0-9F3D-457C-B088-3A5042F75D52}") = "TradingStrategyBacktesting", "TradingStrategyBacktesting.pyproj", "{5D2D7179-5C41-4672-B479-734FB2C07EF2}"
EndProject
Global
	GlobalSection(SolutionConfigurationPlatforms) = preSolution
		Debug|Any CPU = Debug|Any CPU
		Release|Any CPU = Release|Any CPU
	EndGlobalSection
	GlobalSection(ProjectConfigurationPlatforms) = postSolution
		{5D2D7179-5C41-4672-B479-734FB2C07EF2}.Debug|Any CPU.ActiveCfg = Debug|Any CPU
		{5D2D7179-5C41-4672-B479-734FB2C07EF2}.Release|Any CPU.ActiveCfg = Release|Any CPU
	EndGlobalSection
	GlobalSection(SolutionProperties) = preSolution
		HideSolutionNode = FALSE
	EndGlobalSection
	GlobalSection(ExtensibilityGlobals) = postSolution
		SolutionGuid = {44A6F1A6-6092-4789-A793-2F91DECEC03E}
	EndGlobalSection
EndGlobal
